
Microsoft Visual Studio Solution File, Format Version 11.00
# Visual Studio 2010
Project("{FAE04EC0-301F-11D3-BF4B-00C04F79EFBC}") = "Assembly-CSharp", "Assembly-CSharp.csproj", "{3F9A64E3-EEA2-9B33-0AE2-657BF7110721}"
EndProject
Project("{FAE04EC0-301F-11D3-BF4B-00C04F79EFBC}") = "Assembly-CSharp-Editor", "Assembly-CSharp-Editor.csproj", "{53F125ED-FE03-6459-3152-282E36885BEC}"
EndProject
Global
	GlobalSection(SolutionConfigurationPlatforms) = preSolution
		Debug|Any CPU = Debug|Any CPU
		Release|Any CPU = Release|Any CPU
	EndGlobalSection
	GlobalSection(ProjectConfigurationPlatforms) = postSolution
		{3F9A64E3-EEA2-9B33-0AE2-657BF7110721}.Debug|Any CPU.ActiveCfg = Debug|Any CPU
		{3F9A64E3-EEA2-9B33-0AE2-657BF7110721}.Debug|Any CPU.Build.0 = Debug|Any CPU
		{3F9A64E3-EEA2-9B33-0AE2-657BF7110721}.Release|Any CPU.ActiveCfg = Release|Any CPU
		{3F9A64E3-EEA2-9B33-0AE2-657BF7110721}.Release|Any CPU.Build.0 = Release|Any CPU
		{53F125ED-FE03-6459-3152-282E36885BEC}.Debug|Any CPU.ActiveCfg = Debug|Any CPU
		{53F125ED-FE03-6459-3152-282E36885BEC}.Debug|Any CPU.Build.0 = Debug|Any CPU
		{53F125ED-FE03-6459-3152-282E36885BEC}.Release|Any CPU.ActiveCfg = Release|Any CPU
		{53F125ED-FE03-6459-3152-282E36885BEC}.Release|Any CPU.Build.0 = Release|Any CPU
	EndGlobalSection
	GlobalSection(SolutionProperties) = preSolution
		HideSolutionNode = FALSE
	EndGlobalSection
	GlobalSection(MonoDevelopProperties) = preSolution
		StartupItem = Assembly-CSharp.csproj
	EndGlobalSection
EndGlobal
